
Microsoft Visual Studio Solution File, Format Version 12.00
# Visual Studio Version 17
VisualStudioVersion = 17.1.32328.378
MinimumVisualStudioVersion = 10.0.40219.1
Project("{FAE04EC0-301F-11D3-BF4B-00C04F79EFBC}") = "SCrud", "SCrud\SCrud.csproj", "{F415D68E-84B6-4201-B6B8-5C5340193926}"
EndProject
Global
	GlobalSection(SolutionConfigurationPlatforms) = preSolution
		Debug|Any CPU = Debug|Any CPU
		Release|Any CPU = Release|Any CPU
	EndGlobalSection
	GlobalSection(ProjectConfigurationPlatforms) = postSolution
		{F415D68E-84B6-4201-B6B8-5C5340193926}.Debug|Any CPU.ActiveCfg = Debug|Any CPU
		{F415D68E-84B6-4201-B6B8-5C5340193926}.Debug|Any CPU.Build.0 = Debug|Any CPU
		{F415D68E-84B6-4201-B6B8-5C5340193926}.Release|Any CPU.ActiveCfg = Release|Any CPU
		{F415D68E-84B6-4201-B6B8-5C5340193926}.Release|Any CPU.Build.0 = Release|Any CPU
	EndGlobalSection
	GlobalSection(SolutionProperties) = preSolution
		HideSolutionNode = FALSE
	EndGlobalSection
	GlobalSection(ExtensibilityGlobals) = postSolution
		SolutionGuid = {FE39DECF-9EBB-4C22-A4BB-4522F51E4C02}
	EndGlobalSection
EndGlobal
